
Microsoft Visual Studio Solution File, Format Version 12.00
# Visual Studio 14
VisualStudioVersion = 14.0.25420.1
MinimumVisualStudioVersion = 10.0.40219.1
Project("{FAE04EC0-301F-11D3-BF4B-00C04F79EFBC}") = "GitMVCTest", "GitMVCTest\GitMVCTest.csproj", "{C5DF8987-E8E0-4795-92C2-611FD91E1322}"
EndProject
Global
	GlobalSection(SolutionConfigurationPlatforms) = preSolution
		Debug|Any CPU = Debug|Any CPU
		Release|Any CPU = Release|Any CPU
	EndGlobalSection
	GlobalSection(ProjectConfigurationPlatforms) = postSolution
		{C5DF8987-E8E0-4795-92C2-611FD91E1322}.Debug|Any CPU.ActiveCfg = Debug|Any CPU
		{C5DF8987-E8E0-4795-92C2-611FD91E1322}.Debug|Any CPU.Build.0 = Debug|Any CPU
		{C5DF8987-E8E0-4795-92C2-611FD91E1322}.Release|Any CPU.ActiveCfg = Release|Any CPU
		{C5DF8987-E8E0-4795-92C2-611FD91E1322}.Release|Any CPU.Build.0 = Release|Any CPU
	EndGlobalSection
	GlobalSection(SolutionProperties) = preSolution
		HideSolutionNode = FALSE
	EndGlobalSection
EndGlobal
